// !$*UTF8*$!
{
	archiveVersion = 1;
	classes = {
	};
	objectVersion = 55;
	objects = {

/* Begin PBXBuildFile section */
		F5401F7E28772FFF004227FF /* OnboardingDelegate.swift in Sources */ = {isa = PBXBuildFile; fileRef = F5401F7D28772FFF004227FF /* OnboardingDelegate.swift */; };
		F5401F8028773EF4004227FF /* HomeViewController.swift in Sources */ = {isa = PBXBuildFile; fileRef = F5401F7F28773EF4004227FF /* HomeViewController.swift */; };
		F5F3247828745101003B2DF1 /* AppDelegate.swift in Sources */ = {isa = PBXBuildFile; fileRef = F5F3247728745101003B2DF1 /* AppDelegate.swift */; };
		F5F3247A28745101003B2DF1 /* SceneDelegate.swift in Sources */ = {isa = PBXBuildFile; fileRef = F5F3247928745101003B2DF1 /* SceneDelegate.swift */; };
		F5F3247F28745101003B2DF1 /* Main.storyboard in Resources */ = {isa = PBXBuildFile; fileRef = F5F3247D28745101003B2DF1 /* Main.storyboard */; };
		F5F3248128745102003B2DF1 /* Assets.xcassets in Resources */ = {isa = PBXBuildFile; fileRef = F5F3248028745102003B2DF1 /* Assets.xcassets */; };
		F5F3248428745102003B2DF1 /* LaunchScreen.storyboard in Resources */ = {isa = PBXBuildFile; fileRef = F5F3248228745102003B2DF1 /* LaunchScreen.storyboard */; };
		F5F3248D2874535D003B2DF1 /* LoadingViewController.swift in Sources */ = {isa = PBXBuildFile; fileRef = F5F3248C2874535D003B2DF1 /* LoadingViewController.swift */; };
		F5F3249028745AAC003B2DF1 /* Helper.swift in Sources */ = {isa = PBXBuildFile; fileRef = F5F3248F28745AAC003B2DF1 /* Helper.swift */; };
		F5F3249228745BE6003B2DF1 /* Constants.swift in Sources */ = {isa = PBXBuildFile; fileRef = F5F3249128745BE6003B2DF1 /* Constants.swift */; };
		F5F3249428745E9B003B2DF1 /* SettingsViewController.swift in Sources */ = {isa = PBXBuildFile; fileRef = F5F3249328745E9B003B2DF1 /* SettingsViewController.swift */; };
		F5F3249728746220003B2DF1 /* PresenterManager.swift in Sources */ = {isa = PBXBuildFile; fileRef = F5F3249628746220003B2DF1 /* PresenterManager.swift */; };
		F5F32499287468EC003B2DF1 /* OnboardingViewController.swift in Sources */ = {isa = PBXBuildFile; fileRef = F5F32498287468EC003B2DF1 /* OnboardingViewController.swift */; };
		F5F3249D2874742D003B2DF1 /* OnboardingCollectionViewCell.swift in Sources */ = {isa = PBXBuildFile; fileRef = F5F3249C2874742D003B2DF1 /* OnboardingCollectionViewCell.swift */; };
		F5F3249F2874751D003B2DF1 /* Slide.swift in Sources */ = {isa = PBXBuildFile; fileRef = F5F3249E2874751D003B2DF1 /* Slide.swift */; };
		F5F324A128747D46003B2DF1 /* LoginViewController.swift in Sources */ = {isa = PBXBuildFile; fileRef = F5F324A028747D46003B2DF1 /* LoginViewController.swift */; };
/* End PBXBuildFile section */

/* Begin PBXFileReference section */
		F5401F7D28772FFF004227FF /* OnboardingDelegate.swift */ = {isa = PBXFileReference; lastKnownFileType = sourcecode.swift; path = OnboardingDelegate.swift; sourceTree = "<group>"; };
		F5401F7F28773EF4004227FF /* HomeViewController.swift */ = {isa = PBXFileReference; lastKnownFileType = sourcecode.swift; path = HomeViewController.swift; sourceTree = "<group>"; };
		F5F3247428745101003B2DF1 /* Trafel.app */ = {isa = PBXFileReference; explicitFileType = wrapper.application; includeInIndex = 0; path = Trafel.app; sourceTree = BUILT_PRODUCTS_DIR; };
		F5F3247728745101003B2DF1 /* AppDelegate.swift */ = {isa = PBXFileReference; lastKnownFileType = sourcecode.swift; path = AppDelegate.swift; sourceTree = "<group>"; };
		F5F3247928745101003B2DF1 /* SceneDelegate.swift */ = {isa = PBXFileReference; lastKnownFileType = sourcecode.swift; path = SceneDelegate.swift; sourceTree = "<group>"; };
		F5F3247E28745101003B2DF1 /* Base */ = {isa = PBXFileReference; lastKnownFileType = file.storyboard; name = Base; path = Base.lproj/Main.storyboard; sourceTree = "<group>"; };
		F5F3248028745102003B2DF1 /* Assets.xcassets */ = {isa = PBXFileReference; lastKnownFileType = folder.assetcatalog; path = Assets.xcassets; sourceTree = "<group>"; };
		F5F3248328745102003B2DF1 /* Base */ = {isa = PBXFileReference; lastKnownFileType = file.storyboard; name = Base; path = Base.lproj/LaunchScreen.storyboard; sourceTree = "<group>"; };
		F5F3248528745102003B2DF1 /* Info.plist */ = {isa = PBXFileReference; lastKnownFileType = text.plist.xml; path = Info.plist; sourceTree = "<group>"; };
		F5F3248C2874535D003B2DF1 /* LoadingViewController.swift */ = {isa = PBXFileReference; lastKnownFileType = sourcecode.swift; path = LoadingViewController.swift; sourceTree = "<group>"; };
		F5F3248F28745AAC003B2DF1 /* Helper.swift */ = {isa = PBXFileReference; lastKnownFileType = sourcecode.swift; path = Helper.swift; sourceTree = "<group>"; };
		F5F3249128745BE6003B2DF1 /* Constants.swift */ = {isa = PBXFileReference; lastKnownFileType = sourcecode.swift; path = Constants.swift; sourceTree = "<group>"; };
		F5F3249328745E9B003B2DF1 /* SettingsViewController.swift */ = {isa = PBXFileReference; lastKnownFileType = sourcecode.swift; path = SettingsViewController.swift; sourceTree = "<group>"; };
		F5F3249628746220003B2DF1 /* PresenterManager.swift */ = {isa = PBXFileReference; lastKnownFileType = sourcecode.swift; path = PresenterManager.swift; sourceTree = "<group>"; };
		F5F32498287468EC003B2DF1 /* OnboardingViewController.swift */ = {isa = PBXFileReference; lastKnownFileType = sourcecode.swift; path = OnboardingViewController.swift; sourceTree = "<group>"; };
		F5F3249C2874742D003B2DF1 /* OnboardingCollectionViewCell.swift */ = {isa = PBXFileReference; lastKnownFileType = sourcecode.swift; path = OnboardingCollectionViewCell.swift; sourceTree = "<group>"; };
		F5F3249E2874751D003B2DF1 /* Slide.swift */ = {isa = PBXFileReference; lastKnownFileType = sourcecode.swift; path = Slide.swift; sourceTree = "<group>"; };
		F5F324A028747D46003B2DF1 /* LoginViewController.swift */ = {isa = PBXFileReference; lastKnownFileType = sourcecode.swift; path = LoginViewController.swift; sourceTree = "<group>"; };
/* End PBXFileReference section */

/* Begin PBXFrameworksBuildPhase section */
		F5F3247128745101003B2DF1 /* Frameworks */ = {
			isa = PBXFrameworksBuildPhase;
			buildActionMask = 2147483647;
			files = (
			);
			runOnlyForDeploymentPostprocessing = 0;
		};
/* End PBXFrameworksBuildPhase section */

/* Begin PBXGroup section */
		F5401F7C28772FE2004227FF /* Delegates */ = {
			isa = PBXGroup;
			children = (
				F5401F7D28772FFF004227FF /* OnboardingDelegate.swift */,
			);
			path = Delegates;
			sourceTree = "<group>";
		};
		F5F3246B28745101003B2DF1 = {
			isa = PBXGroup;
			children = (
				F5F3247628745101003B2DF1 /* Trafel */,
				F5F3247528745101003B2DF1 /* Products */,
			);
			sourceTree = "<group>";
		};
		F5F3247528745101003B2DF1 /* Products */ = {
			isa = PBXGroup;
			children = (
				F5F3247428745101003B2DF1 /* Trafel.app */,
			);
			name = Products;
			sourceTree = "<group>";
		};
		F5F3247628745101003B2DF1 /* Trafel */ = {
			isa = PBXGroup;
			children = (
				F5401F7C28772FE2004227FF /* Delegates */,
				F5F3249B28747403003B2DF1 /* Views */,
				F5F3249A2874715C003B2DF1 /* Models */,
				F5F3249528746201003B2DF1 /* Managers */,
				F5F3248E28745A81003B2DF1 /* Helpers */,
				F5F3248B2874533B003B2DF1 /* Controllers */,
				F5F3247728745101003B2DF1 /* AppDelegate.swift */,
				F5F3247928745101003B2DF1 /* SceneDelegate.swift */,
				F5F3247D28745101003B2DF1 /* Main.storyboard */,
				F5F3248028745102003B2DF1 /* Assets.xcassets */,
				F5F3248228745102003B2DF1 /* LaunchScreen.storyboard */,
				F5F3248528745102003B2DF1 /* Info.plist */,
			);
			path = Trafel;
			sourceTree = "<group>";
		};
		F5F3248B2874533B003B2DF1 /* Controllers */ = {
			isa = PBXGroup;
			children = (
				F5F3248C2874535D003B2DF1 /* LoadingViewController.swift */,
				F5F32498287468EC003B2DF1 /* OnboardingViewController.swift */,
				F5F324A028747D46003B2DF1 /* LoginViewController.swift */,
				F5F3249328745E9B003B2DF1 /* SettingsViewController.swift */,
				F5401F7F28773EF4004227FF /* HomeViewController.swift */,
			);
			path = Controllers;
			sourceTree = "<group>";
		};
		F5F3248E28745A81003B2DF1 /* Helpers */ = {
			isa = PBXGroup;
			children = (
				F5F3248F28745AAC003B2DF1 /* Helper.swift */,
				F5F3249128745BE6003B2DF1 /* Constants.swift */,
			);
			path = Helpers;
			sourceTree = "<group>";
		};
		F5F3249528746201003B2DF1 /* Managers */ = {
			isa = PBXGroup;
			children = (
				F5F3249628746220003B2DF1 /* PresenterManager.swift */,
			);
			path = Managers;
			sourceTree = "<group>";
		};
		F5F3249A2874715C003B2DF1 /* Models */ = {
			isa = PBXGroup;
			children = (
				F5F3249E2874751D003B2DF1 /* Slide.swift */,
			);
			path = Models;
			sourceTree = "<group>";
		};
		F5F3249B28747403003B2DF1 /* Views */ = {
			isa = PBXGroup;
			children = (
				F5F3249C2874742D003B2DF1 /* OnboardingCollectionViewCell.swift */,
			);
			path = Views;
			sourceTree = "<group>";
		};
/* End PBXGroup section */

/* Begin PBXNativeTarget section */
		F5F3247328745101003B2DF1 /* Trafel */ = {
			isa = PBXNativeTarget;
			buildConfigurationList = F5F3248828745102003B2DF1 /* Build configuration list for PBXNativeTarget "Trafel" */;
			buildPhases = (
				F5F3247028745101003B2DF1 /* Sources */,
				F5F3247128745101003B2DF1 /* Frameworks */,
				F5F3247228745101003B2DF1 /* Resources */,
			);
			buildRules = (
			);
			dependencies = (
			);
			name = Trafel;
			productName = Trafel;
			productReference = F5F3247428745101003B2DF1 /* Trafel.app */;
			productType = "com.apple.product-type.application";
		};
/* End PBXNativeTarget section */

/* Begin PBXProject section */
		F5F3246C28745101003B2DF1 /* Project object */ = {
			isa = PBXProject;
			attributes = {
				BuildIndependentTargetsInParallel = 1;
				LastSwiftUpdateCheck = 1340;
				LastUpgradeCheck = 1340;
				TargetAttributes = {
					F5F3247328745101003B2DF1 = {
						CreatedOnToolsVersion = 13.4.1;
					};
				};
			};
			buildConfigurationList = F5F3246F28745101003B2DF1 /* Build configuration list for PBXProject "Trafel" */;
			compatibilityVersion = "Xcode 13.0";
			developmentRegion = en;
			hasScannedForEncodings = 0;
			knownRegions = (
				en,
				Base,
			);
			mainGroup = F5F3246B28745101003B2DF1;
			productRefGroup = F5F3247528745101003B2DF1 /* Products */;
			projectDirPath = "";
			projectRoot = "";
			targets = (
				F5F3247328745101003B2DF1 /* Trafel */,
			);
		};
/* End PBXProject section */

/* Begin PBXResourcesBuildPhase section */
		F5F3247228745101003B2DF1 /* Resources */ = {
			isa = PBXResourcesBuildPhase;
			buildActionMask = 2147483647;
			files = (
				F5F3248428745102003B2DF1 /* LaunchScreen.storyboard in Resources */,
				F5F3248128745102003B2DF1 /* Assets.xcassets in Resources */,
				F5F3247F28745101003B2DF1 /* Main.storyboard in Resources */,
			);
			runOnlyForDeploymentPostprocessing = 0;
		};
/* End PBXResourcesBuildPhase section */

/* Begin PBXSourcesBuildPhase section */
		F5F3247028745101003B2DF1 /* Sources */ = {
			isa = PBXSourcesBuildPhase;
			buildActionMask = 2147483647;
			files = (
				F5F3249228745BE6003B2DF1 /* Constants.swift in Sources */,
				F5F3247828745101003B2DF1 /* AppDelegate.swift in Sources */,
				F5F3249028745AAC003B2DF1 /* Helper.swift in Sources */,
				F5F32499287468EC003B2DF1 /* OnboardingViewController.swift in Sources */,
				F5F324A128747D46003B2DF1 /* LoginViewController.swift in Sources */,
				F5401F7E28772FFF004227FF /* OnboardingDelegate.swift in Sources */,
				F5F3247A28745101003B2DF1 /* SceneDelegate.swift in Sources */,
				F5F3248D2874535D003B2DF1 /* LoadingViewController.swift in Sources */,
				F5F3249728746220003B2DF1 /* PresenterManager.swift in Sources */,
				F5F3249428745E9B003B2DF1 /* SettingsViewController.swift in Sources */,
				F5F3249D2874742D003B2DF1 /* OnboardingCollectionViewCell.swift in Sources */,
				F5401F8028773EF4004227FF /* HomeViewController.swift in Sources */,
				F5F3249F2874751D003B2DF1 /* Slide.swift in Sources */,
			);
			runOnlyForDeploymentPostprocessing = 0;
		};
/* End PBXSourcesBuildPhase section */

/* Begin PBXVariantGroup section */
		F5F3247D28745101003B2DF1 /* Main.storyboard */ = {
			isa = PBXVariantGroup;
			children = (
				F5F3247E28745101003B2DF1 /* Base */,
			);
			name = Main.storyboard;
			sourceTree = "<group>";
		};
		F5F3248228745102003B2DF1 /* LaunchScreen.storyboard */ = {
			isa = PBXVariantGroup;
			children = (
				F5F3248328745102003B2DF1 /* Base */,
			);
			name = LaunchScreen.storyboard;
			sourceTree = "<group>";
		};
/* End PBXVariantGroup section */

/* Begin XCBuildConfiguration section */
		F5F3248628745102003B2DF1 /* Debug */ = {
			isa = XCBuildConfiguration;
			buildSettings = {
				ALWAYS_SEARCH_USER_PATHS = NO;
				CLANG_ANALYZER_NONNULL = YES;
				CLANG_ANALYZER_NUMBER_OBJECT_CONVERSION = YES_AGGRESSIVE;
				CLANG_CXX_LANGUAGE_STANDARD = "gnu++17";
				CLANG_ENABLE_MODULES = YES;
				CLANG_ENABLE_OBJC_ARC = YES;
				CLANG_ENABLE_OBJC_WEAK = YES;
				CLANG_WARN_BLOCK_CAPTURE_AUTORELEASING = YES;
				CLANG_WARN_BOOL_CONVERSION = YES;
				CLANG_WARN_COMMA = YES;
				CLANG_WARN_CONSTANT_CONVERSION = YES;
				CLANG_WARN_DEPRECATED_OBJC_IMPLEMENTATIONS = YES;
				CLANG_WARN_DIRECT_OBJC_ISA_USAGE = YES_ERROR;
				CLANG_WARN_DOCUMENTATION_COMMENTS = YES;
				CLANG_WARN_EMPTY_BODY = YES;
				CLANG_WARN_ENUM_CONVERSION = YES;
				CLANG_WARN_INFINITE_RECURSION = YES;
				CLANG_WARN_INT_CONVERSION = YES;
				CLANG_WARN_NON_LITERAL_NULL_CONVERSION = YES;
				CLANG_WARN_OBJC_IMPLICIT_RETAIN_SELF = YES;
				CLANG_WARN_OBJC_LITERAL_CONVERSION = YES;
				CLANG_WARN_OBJC_ROOT_CLASS = YES_ERROR;
				CLANG_WARN_QUOTED_INCLUDE_IN_FRAMEWORK_HEADER = YES;
				CLANG_WARN_RANGE_LOOP_ANALYSIS = YES;
				CLANG_WARN_STRICT_PROTOTYPES = YES;
				CLANG_WARN_SUSPICIOUS_MOVE = YES;
				CLANG_WARN_UNGUARDED_AVAILABILITY = YES_AGGRESSIVE;
				CLANG_WARN_UNREACHABLE_CODE = YES;
				CLANG_WARN__DUPLICATE_METHOD_MATCH = YES;
				COPY_PHASE_STRIP = NO;
				DEBUG_INFORMATION_FORMAT = dwarf;
				ENABLE_STRICT_OBJC_MSGSEND = YES;
				ENABLE_TESTABILITY = YES;
				GCC_C_LANGUAGE_STANDARD = gnu11;
				GCC_DYNAMIC_NO_PIC = NO;
				GCC_NO_COMMON_BLOCKS = YES;
				GCC_OPTIMIZATION_LEVEL = 0;
				GCC_PREPROCESSOR_DEFINITIONS = (
					"DEBUG=1",
					"$(inherited)",
				);
				GCC_WARN_64_TO_32_BIT_CONVERSION = YES;
				GCC_WARN_ABOUT_RETURN_TYPE = YES_ERROR;
				GCC_WARN_UNDECLARED_SELECTOR = YES;
				GCC_WARN_UNINITIALIZED_AUTOS = YES_AGGRESSIVE;
				GCC_WARN_UNUSED_FUNCTION = YES;
				GCC_WARN_UNUSED_VARIABLE = YES;
				IPHONEOS_DEPLOYMENT_TARGET = 15.5;
				MTL_ENABLE_DEBUG_INFO = INCLUDE_SOURCE;
				MTL_FAST_MATH = YES;
				ONLY_ACTIVE_ARCH = YES;
				SDKROOT = iphoneos;
				SWIFT_ACTIVE_COMPILATION_CONDITIONS = DEBUG;
				SWIFT_OPTIMIZATION_LEVEL = "-Onone";
			};
			name = Debug;
		};
		F5F3248728745102003B2DF1 /* Release */ = {
			isa = XCBuildConfiguration;
			buildSettings = {
				ALWAYS_SEARCH_USER_PATHS = NO;
				CLANG_ANALYZER_NONNULL = YES;
				CLANG_ANALYZER_NUMBER_OBJECT_CONVERSION = YES_AGGRESSIVE;
				CLANG_CXX_LANGUAGE_STANDARD = "gnu++17";
				CLANG_ENABLE_MODULES = YES;
				CLANG_ENABLE_OBJC_ARC = YES;
				CLANG_ENABLE_OBJC_WEAK = YES;
				CLANG_WARN_BLOCK_CAPTURE_AUTORELEASING = YES;
				CLANG_WARN_BOOL_CONVERSION = YES;
				CLANG_WARN_COMMA = YES;
				CLANG_WARN_CONSTANT_CONVERSION = YES;
				CLANG_WARN_DEPRECATED_OBJC_IMPLEMENTATIONS = YES;
				CLANG_WARN_DIRECT_OBJC_ISA_USAGE = YES_ERROR;
				CLANG_WARN_DOCUMENTATION_COMMENTS = YES;
				CLANG_WARN_EMPTY_BODY = YES;
				CLANG_WARN_ENUM_CONVERSION = YES;
				CLANG_WARN_INFINITE_RECURSION = YES;
				CLANG_WARN_INT_CONVERSION = YES;
				CLANG_WARN_NON_LITERAL_NULL_CONVERSION = YES;
				CLANG_WARN_OBJC_IMPLICIT_RETAIN_SELF = YES;
				CLANG_WARN_OBJC_LITERAL_CONVERSION = YES;
				CLANG_WARN_OBJC_ROOT_CLASS = YES_ERROR;
				CLANG_WARN_QUOTED_INCLUDE_IN_FRAMEWORK_HEADER = YES;
				CLANG_WARN_RANGE_LOOP_ANALYSIS = YES;
				CLANG_WARN_STRICT_PROTOTYPES = YES;
				CLANG_WARN_SUSPICIOUS_MOVE = YES;
				CLANG_WARN_UNGUARDED_AVAILABILITY = YES_AGGRESSIVE;
				CLANG_WARN_UNREACHABLE_CODE = YES;
				CLANG_WARN__DUPLICATE_METHOD_MATCH = YES;
				COPY_PHASE_STRIP = NO;
				DEBUG_INFORMATION_FORMAT = "dwarf-with-dsym";
				ENABLE_NS_ASSERTIONS = NO;
				ENABLE_STRICT_OBJC_MSGSEND = YES;
				GCC_C_LANGUAGE_STANDARD = gnu11;
				GCC_NO_COMMON_BLOCKS = YES;
				GCC_WARN_64_TO_32_BIT_CONVERSION = YES;
				GCC_WARN_ABOUT_RETURN_TYPE = YES_ERROR;
				GCC_WARN_UNDECLARED_SELECTOR = YES;
				GCC_WARN_UNINITIALIZED_AUTOS = YES_AGGRESSIVE;
				GCC_WARN_UNUSED_FUNCTION = YES;
				GCC_WARN_UNUSED_VARIABLE = YES;
				IPHONEOS_DEPLOYMENT_TARGET = 15.5;
				MTL_ENABLE_DEBUG_INFO = NO;
				MTL_FAST_MATH = YES;
				SDKROOT = iphoneos;
				SWIFT_COMPILATION_MODE = wholemodule;
				SWIFT_OPTIMIZATION_LEVEL = "-O";
				VALIDATE_PRODUCT = YES;
			};
			name = Release;
		};
		F5F3248928745102003B2DF1 /* Debug */ = {
			isa = XCBuildConfiguration;
			buildSettings = {
				ASSETCATALOG_COMPILER_APPICON_NAME = AppIcon;
				ASSETCATALOG_COMPILER_GLOBAL_ACCENT_COLOR_NAME = AccentColor;
				CODE_SIGN_STYLE = Automatic;
				CURRENT_PROJECT_VERSION = 1;
				DEVELOPMENT_TEAM = 9K62WKNJMY;
				GENERATE_INFOPLIST_FILE = YES;
				INFOPLIST_FILE = Trafel/Info.plist;
				INFOPLIST_KEY_UIApplicationSupportsIndirectInputEvents = YES;
				INFOPLIST_KEY_UILaunchStoryboardName = LaunchScreen;
				INFOPLIST_KEY_UIMainStoryboardFile = Main;
				INFOPLIST_KEY_UISupportedInterfaceOrientations_iPad = "UIInterfaceOrientationPortrait UIInterfaceOrientationPortraitUpsideDown UIInterfaceOrientationLandscapeLeft UIInterfaceOrientationLandscapeRight";
				INFOPLIST_KEY_UISupportedInterfaceOrientations_iPhone = "UIInterfaceOrientationPortrait UIInterfaceOrientationLandscapeLeft UIInterfaceOrientationLandscapeRight";
				LD_RUNPATH_SEARCH_PATHS = (
					"$(inherited)",
					"@executable_path/Frameworks",
				);
				MARKETING_VERSION = 1.0;
				PRODUCT_BUNDLE_IDENTIFIER = com.murerwa.Trafel;
				PRODUCT_NAME = "$(TARGET_NAME)";
				SWIFT_EMIT_LOC_STRINGS = YES;
				SWIFT_VERSION = 5.0;
				TARGETED_DEVICE_FAMILY = "1,2";
			};
			name = Debug;
		};
		F5F3248A28745102003B2DF1 /* Release */ = {
			isa = XCBuildConfiguration;
			buildSettings = {
				ASSETCATALOG_COMPILER_APPICON_NAME = AppIcon;
				ASSETCATALOG_COMPILER_GLOBAL_ACCENT_COLOR_NAME = AccentColor;
				CODE_SIGN_STYLE = Automatic;
				CURRENT_PROJECT_VERSION = 1;
				DEVELOPMENT_TEAM = 9K62WKNJMY;
				GENERATE_INFOPLIST_FILE = YES;
				INFOPLIST_FILE = Trafel/Info.plist;
				INFOPLIST_KEY_UIApplicationSupportsIndirectInputEvents = YES;
				INFOPLIST_KEY_UILaunchStoryboardName = LaunchScreen;
				INFOPLIST_KEY_UIMainStoryboardFile = Main;
				INFOPLIST_KEY_UISupportedInterfaceOrientations_iPad = "UIInterfaceOrientationPortrait UIInterfaceOrientationPortraitUpsideDown UIInterfaceOrientationLandscapeLeft UIInterfaceOrientationLandscapeRight";
				INFOPLIST_KEY_UISupportedInterfaceOrientations_iPhone = "UIInterfaceOrientationPortrait UIInterfaceOrientationLandscapeLeft UIInterfaceOrientationLandscapeRight";
				LD_RUNPATH_SEARCH_PATHS = (
					"$(inherited)",
					"@executable_path/Frameworks",
				);
				MARKETING_VERSION = 1.0;
				PRODUCT_BUNDLE_IDENTIFIER = com.murerwa.Trafel;
				PRODUCT_NAME = "$(TARGET_NAME)";
				SWIFT_EMIT_LOC_STRINGS = YES;
				SWIFT_VERSION = 5.0;
				TARGETED_DEVICE_FAMILY = "1,2";
			};
			name = Release;
		};
/* End XCBuildConfiguration section */

/* Begin XCConfigurationList section */
		F5F3246F28745101003B2DF1 /* Build configuration list for PBXProject "Trafel" */ = {
			isa = XCConfigurationList;
			buildConfigurations = (
				F5F3248628745102003B2DF1 /* Debug */,
				F5F3248728745102003B2DF1 /* Release */,
			);
			defaultConfigurationIsVisible = 0;
			defaultConfigurationName = Release;
		};
		F5F3248828745102003B2DF1 /* Build configuration list for PBXNativeTarget "Trafel" */ = {
			isa = XCConfigurationList;
			buildConfigurations = (
				F5F3248928745102003B2DF1 /* Debug */,
				F5F3248A28745102003B2DF1 /* Release */,
			);
			defaultConfigurationIsVisible = 0;
			defaultConfigurationName = Release;
		};
/* End XCConfigurationList section */
	};
	rootObject = F5F3246C28745101003B2DF1 /* Project object */;
}
